{"filter":false,"title":"yarn.lock","tooltip":"/sales_project/yarn.lock","undoManager":{"mark":-1,"position":-1,"stack":[]},"ace":{"folds":[],"scrolltop":0,"scrollleft":0,"selection":{"start":{"row":0,"column":0},"end":{"row":0,"column":0},"isBackwards":true},"options":{"guessTabSize":true,"useWrapMode":false,"wrapToView":true},"firstLineState":0},"timestamp":1675690587002,"hash":"d1992441b9f37a0f16a466c8fd3a083c6a7249f3"}